
Microsoft Visual Studio Solution File, Format Version 12.00
# Visual Studio Version 17
VisualStudioVersion = 17.14.36310.24 d17.14
MinimumVisualStudioVersion = 10.0.40219.1
Project("{FAE04EC0-301F-11D3-BF4B-00C04F79EFBC}") = "5. Condicional anidado", "5. Condicional anidado\5. Condicional anidado.csproj", "{F71B770F-8097-41D8-A66F-5B746D1DCF2B}"
EndProject
Global
	GlobalSection(SolutionConfigurationPlatforms) = preSolution
		Debug|Any CPU = Debug|Any CPU
		Release|Any CPU = Release|Any CPU
	EndGlobalSection
	GlobalSection(ProjectConfigurationPlatforms) = postSolution
		{F71B770F-8097-41D8-A66F-5B746D1DCF2B}.Debug|Any CPU.ActiveCfg = Debug|Any CPU
		{F71B770F-8097-41D8-A66F-5B746D1DCF2B}.Debug|Any CPU.Build.0 = Debug|Any CPU
		{F71B770F-8097-41D8-A66F-5B746D1DCF2B}.Release|Any CPU.ActiveCfg = Release|Any CPU
		{F71B770F-8097-41D8-A66F-5B746D1DCF2B}.Release|Any CPU.Build.0 = Release|Any CPU
	EndGlobalSection
	GlobalSection(SolutionProperties) = preSolution
		HideSolutionNode = FALSE
	EndGlobalSection
	GlobalSection(ExtensibilityGlobals) = postSolution
		SolutionGuid = {95DCA0F2-FD93-4E8C-B20A-50EAD4E7B82F}
	EndGlobalSection
EndGlobal
