
Microsoft Visual Studio Solution File, Format Version 12.00
# Visual Studio Version 17
VisualStudioVersion = 17.14.36310.24 d17.14
MinimumVisualStudioVersion = 10.0.40219.1
Project("{FAE04EC0-301F-11D3-BF4B-00C04F79EFBC}") = "13. While5", "13. While5\13. While5.csproj", "{B4B9DCF9-5048-41F9-A6C5-3D2D2549849A}"
EndProject
Global
	GlobalSection(SolutionConfigurationPlatforms) = preSolution
		Debug|Any CPU = Debug|Any CPU
		Release|Any CPU = Release|Any CPU
	EndGlobalSection
	GlobalSection(ProjectConfigurationPlatforms) = postSolution
		{B4B9DCF9-5048-41F9-A6C5-3D2D2549849A}.Debug|Any CPU.ActiveCfg = Debug|Any CPU
		{B4B9DCF9-5048-41F9-A6C5-3D2D2549849A}.Debug|Any CPU.Build.0 = Debug|Any CPU
		{B4B9DCF9-5048-41F9-A6C5-3D2D2549849A}.Release|Any CPU.ActiveCfg = Release|Any CPU
		{B4B9DCF9-5048-41F9-A6C5-3D2D2549849A}.Release|Any CPU.Build.0 = Release|Any CPU
	EndGlobalSection
	GlobalSection(SolutionProperties) = preSolution
		HideSolutionNode = FALSE
	EndGlobalSection
	GlobalSection(ExtensibilityGlobals) = postSolution
		SolutionGuid = {EB97969C-D58A-4A0E-917E-1CB5D3D1E36B}
	EndGlobalSection
EndGlobal
